
Microsoft Visual Studio Solution File, Format Version 12.00
# Visual Studio Version 16
VisualStudioVersion = 16.0.31205.134
MinimumVisualStudioVersion = 10.0.40219.1
Project("{FAE04EC0-301F-11D3-BF4B-00C04F79EFBC}") = "IntroducaoSwitch", "IntroducaoSwitch\IntroducaoSwitch.csproj", "{31FE1708-4C29-4FE6-84B6-0A726073C83A}"
EndProject
Global
	GlobalSection(SolutionConfigurationPlatforms) = preSolution
		Debug|Any CPU = Debug|Any CPU
		Release|Any CPU = Release|Any CPU
	EndGlobalSection
	GlobalSection(ProjectConfigurationPlatforms) = postSolution
		{31FE1708-4C29-4FE6-84B6-0A726073C83A}.Debug|Any CPU.ActiveCfg = Debug|Any CPU
		{31FE1708-4C29-4FE6-84B6-0A726073C83A}.Debug|Any CPU.Build.0 = Debug|Any CPU
		{31FE1708-4C29-4FE6-84B6-0A726073C83A}.Release|Any CPU.ActiveCfg = Release|Any CPU
		{31FE1708-4C29-4FE6-84B6-0A726073C83A}.Release|Any CPU.Build.0 = Release|Any CPU
	EndGlobalSection
	GlobalSection(SolutionProperties) = preSolution
		HideSolutionNode = FALSE
	EndGlobalSection
	GlobalSection(ExtensibilityGlobals) = postSolution
		SolutionGuid = {CDA6D0A6-9F1E-4489-BFAF-7E43BD400C03}
	EndGlobalSection
EndGlobal
